
Microsoft Visual Studio Solution File, Format Version 12.00
# Visual Studio Version 16
VisualStudioVersion = 16.0.30413.136
MinimumVisualStudioVersion = 10.0.40219.1
Project("{8BC9CEB8-8B4A-11D0-8D11-00A0C91BC942}") = "Project88", "Project88\Project88.vcxproj", "{57537A3D-DEDE-460E-93BE-3662336394F0}"
EndProject
Global
	GlobalSection(SolutionConfigurationPlatforms) = preSolution
		Debug|x64 = Debug|x64
		Debug|x86 = Debug|x86
		Release|x64 = Release|x64
		Release|x86 = Release|x86
	EndGlobalSection
	GlobalSection(ProjectConfigurationPlatforms) = postSolution
		{57537A3D-DEDE-460E-93BE-3662336394F0}.Debug|x64.ActiveCfg = Debug|x64
		{57537A3D-DEDE-460E-93BE-3662336394F0}.Debug|x64.Build.0 = Debug|x64
		{57537A3D-DEDE-460E-93BE-3662336394F0}.Debug|x86.ActiveCfg = Debug|Win32
		{57537A3D-DEDE-460E-93BE-3662336394F0}.Debug|x86.Build.0 = Debug|Win32
		{57537A3D-DEDE-460E-93BE-3662336394F0}.Release|x64.ActiveCfg = Release|x64
		{57537A3D-DEDE-460E-93BE-3662336394F0}.Release|x64.Build.0 = Release|x64
		{57537A3D-DEDE-460E-93BE-3662336394F0}.Release|x86.ActiveCfg = Release|Win32
		{57537A3D-DEDE-460E-93BE-3662336394F0}.Release|x86.Build.0 = Release|Win32
	EndGlobalSection
	GlobalSection(SolutionProperties) = preSolution
		HideSolutionNode = FALSE
	EndGlobalSection
	GlobalSection(ExtensibilityGlobals) = postSolution
		SolutionGuid = {E6D50B3C-113B-4A4C-A912-F6220642A0FF}
	EndGlobalSection
EndGlobal
